
Microsoft Visual Studio Solution File, Format Version 12.00
# Visual Studio Version 17
VisualStudioVersion = 17.4.33103.184
MinimumVisualStudioVersion = 10.0.40219.1
Project("{9A19103F-16F7-4668-BE54-9A1E7A4F7556}") = "Globomantics", "Globomantics\Globomantics.csproj", "{BB57C345-BCCB-4CFA-B3D5-83B8194F8CD6}"
EndProject
Project("{9A19103F-16F7-4668-BE54-9A1E7A4F7556}") = "Globomantics.Api", "Globomantics.Api\Globomantics.Api.csproj", "{93BF0C6C-FB44-4BA2-A7A9-A87548E69B88}"
EndProject
Project("{9A19103F-16F7-4668-BE54-9A1E7A4F7556}") = "Globomantics.Shared", "Shared\Globomantics.Shared.csproj", "{C703F466-8C71-498D-A68E-4745FC9003B7}"
EndProject
Global
	GlobalSection(SolutionConfigurationPlatforms) = preSolution
		Debug|Any CPU = Debug|Any CPU
		Release|Any CPU = Release|Any CPU
	EndGlobalSection
	GlobalSection(ProjectConfigurationPlatforms) = postSolution
		{BB57C345-BCCB-4CFA-B3D5-83B8194F8CD6}.Debug|Any CPU.ActiveCfg = Debug|Any CPU
		{BB57C345-BCCB-4CFA-B3D5-83B8194F8CD6}.Debug|Any CPU.Build.0 = Debug|Any CPU
		{BB57C345-BCCB-4CFA-B3D5-83B8194F8CD6}.Release|Any CPU.ActiveCfg = Release|Any CPU
		{BB57C345-BCCB-4CFA-B3D5-83B8194F8CD6}.Release|Any CPU.Build.0 = Release|Any CPU
		{93BF0C6C-FB44-4BA2-A7A9-A87548E69B88}.Debug|Any CPU.ActiveCfg = Debug|Any CPU
		{93BF0C6C-FB44-4BA2-A7A9-A87548E69B88}.Debug|Any CPU.Build.0 = Debug|Any CPU
		{93BF0C6C-FB44-4BA2-A7A9-A87548E69B88}.Release|Any CPU.ActiveCfg = Release|Any CPU
		{93BF0C6C-FB44-4BA2-A7A9-A87548E69B88}.Release|Any CPU.Build.0 = Release|Any CPU
		{C703F466-8C71-498D-A68E-4745FC9003B7}.Debug|Any CPU.ActiveCfg = Debug|Any CPU
		{C703F466-8C71-498D-A68E-4745FC9003B7}.Debug|Any CPU.Build.0 = Debug|Any CPU
		{C703F466-8C71-498D-A68E-4745FC9003B7}.Release|Any CPU.ActiveCfg = Release|Any CPU
		{C703F466-8C71-498D-A68E-4745FC9003B7}.Release|Any CPU.Build.0 = Release|Any CPU
	EndGlobalSection
	GlobalSection(SolutionProperties) = preSolution
		HideSolutionNode = FALSE
	EndGlobalSection
	GlobalSection(ExtensibilityGlobals) = postSolution
		SolutionGuid = {95ADE0E3-A424-470D-9E95-E0CAA8DACD12}
	EndGlobalSection
EndGlobal
